
Microsoft Visual Studio Solution File, Format Version 12.00
Project("{FAE04EC0-301F-11D3-BF4B-00C04F79EFBC}") = "Delegates", "Delegates\Delegates.csproj", "{BDEB2D99-83E2-4573-A0D1-1D2C0E292275}"
EndProject
Project("{FAE04EC0-301F-11D3-BF4B-00C04F79EFBC}") = "EventHandling", "EventHandling\EventHandling.csproj", "{5F64D0D0-EC5D-40B0-9781-A0A8994EC4D4}"
EndProject
Project("{FAE04EC0-301F-11D3-BF4B-00C04F79EFBC}") = "FileAndDirectoryOperations", "FileAndDirectoryOperations\FileAndDirectoryOperations.csproj", "{CB4D19E1-A5D3-402C-925C-4321919E2D24}"
EndProject
Project("{FAE04EC0-301F-11D3-BF4B-00C04F79EFBC}") = "Linq", "Linq\Linq.csproj", "{B8F772B6-51FC-4556-A250-93F9176FAD65}"
EndProject
Project("{FAE04EC0-301F-11D3-BF4B-00C04F79EFBC}") = "Lab-2", "Lab-2\Lab-2.csproj", "{8A1C01FF-2DA3-43A1-87B2-DC36AB9A44F0}"
EndProject
Project("{FAE04EC0-301F-11D3-BF4B-00C04F79EFBC}") = "XMLHandling", "XMLHandling\XMLHandling.csproj", "{F0D18A90-AC7D-459E-87A9-07DF6EAFDF6C}"
EndProject
Project("{FAE04EC0-301F-11D3-BF4B-00C04F79EFBC}") = "Lab-3", "Lab-3\Lab-3.csproj", "{8E78BB10-62E8-42D9-9F42-289DA483C344}"
EndProject
Project("{FAE04EC0-301F-11D3-BF4B-00C04F79EFBC}") = "Reflection", "Reflection\Reflection.csproj", "{90B1B0FB-38FC-4215-A672-5576A21A08B3}"
EndProject
Project("{FAE04EC0-301F-11D3-BF4B-00C04F79EFBC}") = "Attributes", "Attributes\Attributes.csproj", "{5A6E3F0E-8943-480E-8BF0-4F62D48A9D43}"
EndProject
Project("{FAE04EC0-301F-11D3-BF4B-00C04F79EFBC}") = "EntityFramework", "EntityFramework\EntityFramework.csproj", "{ACA26903-FDE6-4D4D-AD7C-88674B145A0E}"
EndProject
Project("{FAE04EC0-301F-11D3-BF4B-00C04F79EFBC}") = "JSONHandling", "JSONHandling\JSONHandling.csproj", "{B46D9A5C-1A07-4667-8955-9A053FAD27A2}"
EndProject
Project("{FAE04EC0-301F-11D3-BF4B-00C04F79EFBC}") = "DLL", "DLL\DLL.csproj", "{0F705CBF-A44E-47C6-B810-D19AA140F5A0}"
EndProject
Global
	GlobalSection(SolutionConfigurationPlatforms) = preSolution
		Debug|Any CPU = Debug|Any CPU
		Release|Any CPU = Release|Any CPU
	EndGlobalSection
	GlobalSection(ProjectConfigurationPlatforms) = postSolution
		{BDEB2D99-83E2-4573-A0D1-1D2C0E292275}.Debug|Any CPU.ActiveCfg = Debug|Any CPU
		{BDEB2D99-83E2-4573-A0D1-1D2C0E292275}.Debug|Any CPU.Build.0 = Debug|Any CPU
		{BDEB2D99-83E2-4573-A0D1-1D2C0E292275}.Release|Any CPU.ActiveCfg = Release|Any CPU
		{BDEB2D99-83E2-4573-A0D1-1D2C0E292275}.Release|Any CPU.Build.0 = Release|Any CPU
		{5F64D0D0-EC5D-40B0-9781-A0A8994EC4D4}.Debug|Any CPU.ActiveCfg = Debug|Any CPU
		{5F64D0D0-EC5D-40B0-9781-A0A8994EC4D4}.Debug|Any CPU.Build.0 = Debug|Any CPU
		{5F64D0D0-EC5D-40B0-9781-A0A8994EC4D4}.Release|Any CPU.ActiveCfg = Release|Any CPU
		{5F64D0D0-EC5D-40B0-9781-A0A8994EC4D4}.Release|Any CPU.Build.0 = Release|Any CPU
		{CB4D19E1-A5D3-402C-925C-4321919E2D24}.Debug|Any CPU.ActiveCfg = Debug|Any CPU
		{CB4D19E1-A5D3-402C-925C-4321919E2D24}.Debug|Any CPU.Build.0 = Debug|Any CPU
		{CB4D19E1-A5D3-402C-925C-4321919E2D24}.Release|Any CPU.ActiveCfg = Release|Any CPU
		{CB4D19E1-A5D3-402C-925C-4321919E2D24}.Release|Any CPU.Build.0 = Release|Any CPU
		{B8F772B6-51FC-4556-A250-93F9176FAD65}.Debug|Any CPU.ActiveCfg = Debug|Any CPU
		{B8F772B6-51FC-4556-A250-93F9176FAD65}.Debug|Any CPU.Build.0 = Debug|Any CPU
		{B8F772B6-51FC-4556-A250-93F9176FAD65}.Release|Any CPU.ActiveCfg = Release|Any CPU
		{B8F772B6-51FC-4556-A250-93F9176FAD65}.Release|Any CPU.Build.0 = Release|Any CPU
		{8A1C01FF-2DA3-43A1-87B2-DC36AB9A44F0}.Debug|Any CPU.ActiveCfg = Debug|Any CPU
		{8A1C01FF-2DA3-43A1-87B2-DC36AB9A44F0}.Debug|Any CPU.Build.0 = Debug|Any CPU
		{8A1C01FF-2DA3-43A1-87B2-DC36AB9A44F0}.Release|Any CPU.ActiveCfg = Release|Any CPU
		{8A1C01FF-2DA3-43A1-87B2-DC36AB9A44F0}.Release|Any CPU.Build.0 = Release|Any CPU
		{F0D18A90-AC7D-459E-87A9-07DF6EAFDF6C}.Debug|Any CPU.ActiveCfg = Debug|Any CPU
		{F0D18A90-AC7D-459E-87A9-07DF6EAFDF6C}.Debug|Any CPU.Build.0 = Debug|Any CPU
		{F0D18A90-AC7D-459E-87A9-07DF6EAFDF6C}.Release|Any CPU.ActiveCfg = Release|Any CPU
		{F0D18A90-AC7D-459E-87A9-07DF6EAFDF6C}.Release|Any CPU.Build.0 = Release|Any CPU
		{8E78BB10-62E8-42D9-9F42-289DA483C344}.Debug|Any CPU.ActiveCfg = Debug|Any CPU
		{8E78BB10-62E8-42D9-9F42-289DA483C344}.Debug|Any CPU.Build.0 = Debug|Any CPU
		{8E78BB10-62E8-42D9-9F42-289DA483C344}.Release|Any CPU.ActiveCfg = Release|Any CPU
		{8E78BB10-62E8-42D9-9F42-289DA483C344}.Release|Any CPU.Build.0 = Release|Any CPU
		{90B1B0FB-38FC-4215-A672-5576A21A08B3}.Debug|Any CPU.ActiveCfg = Debug|Any CPU
		{90B1B0FB-38FC-4215-A672-5576A21A08B3}.Debug|Any CPU.Build.0 = Debug|Any CPU
		{90B1B0FB-38FC-4215-A672-5576A21A08B3}.Release|Any CPU.ActiveCfg = Release|Any CPU
		{90B1B0FB-38FC-4215-A672-5576A21A08B3}.Release|Any CPU.Build.0 = Release|Any CPU
		{5A6E3F0E-8943-480E-8BF0-4F62D48A9D43}.Debug|Any CPU.ActiveCfg = Debug|Any CPU
		{5A6E3F0E-8943-480E-8BF0-4F62D48A9D43}.Debug|Any CPU.Build.0 = Debug|Any CPU
		{5A6E3F0E-8943-480E-8BF0-4F62D48A9D43}.Release|Any CPU.ActiveCfg = Release|Any CPU
		{5A6E3F0E-8943-480E-8BF0-4F62D48A9D43}.Release|Any CPU.Build.0 = Release|Any CPU
		{ACA26903-FDE6-4D4D-AD7C-88674B145A0E}.Debug|Any CPU.ActiveCfg = Debug|Any CPU
		{ACA26903-FDE6-4D4D-AD7C-88674B145A0E}.Debug|Any CPU.Build.0 = Debug|Any CPU
		{ACA26903-FDE6-4D4D-AD7C-88674B145A0E}.Release|Any CPU.ActiveCfg = Release|Any CPU
		{ACA26903-FDE6-4D4D-AD7C-88674B145A0E}.Release|Any CPU.Build.0 = Release|Any CPU
		{B46D9A5C-1A07-4667-8955-9A053FAD27A2}.Debug|Any CPU.ActiveCfg = Debug|Any CPU
		{B46D9A5C-1A07-4667-8955-9A053FAD27A2}.Debug|Any CPU.Build.0 = Debug|Any CPU
		{B46D9A5C-1A07-4667-8955-9A053FAD27A2}.Release|Any CPU.ActiveCfg = Release|Any CPU
		{B46D9A5C-1A07-4667-8955-9A053FAD27A2}.Release|Any CPU.Build.0 = Release|Any CPU
		{0F705CBF-A44E-47C6-B810-D19AA140F5A0}.Debug|Any CPU.ActiveCfg = Debug|Any CPU
		{0F705CBF-A44E-47C6-B810-D19AA140F5A0}.Debug|Any CPU.Build.0 = Debug|Any CPU
		{0F705CBF-A44E-47C6-B810-D19AA140F5A0}.Release|Any CPU.ActiveCfg = Release|Any CPU
		{0F705CBF-A44E-47C6-B810-D19AA140F5A0}.Release|Any CPU.Build.0 = Release|Any CPU
	EndGlobalSection
EndGlobal
